
Microsoft Visual Studio Solution File, Format Version 12.00
# Visual Studio Version 17
VisualStudioVersion = 17.13.35919.96
MinimumVisualStudioVersion = 10.0.40219.1
Project("{FAE04EC0-301F-11D3-BF4B-00C04F79EFBC}") = "MSSA Project", "MSSA_Project.csproj", "{331CFA5C-77B6-4C40-BCF6-F765FD7DB7B6}"
EndProject
Global
	GlobalSection(SolutionConfigurationPlatforms) = preSolution
		Debug|Any CPU = Debug|Any CPU
		Release|Any CPU = Release|Any CPU
	EndGlobalSection
	GlobalSection(ProjectConfigurationPlatforms) = postSolution
		{331CFA5C-77B6-4C40-BCF6-F765FD7DB7B6}.Debug|Any CPU.ActiveCfg = Debug|Any CPU
		{331CFA5C-77B6-4C40-BCF6-F765FD7DB7B6}.Debug|Any CPU.Build.0 = Debug|Any CPU
		{331CFA5C-77B6-4C40-BCF6-F765FD7DB7B6}.Release|Any CPU.ActiveCfg = Release|Any CPU
		{331CFA5C-77B6-4C40-BCF6-F765FD7DB7B6}.Release|Any CPU.Build.0 = Release|Any CPU
	EndGlobalSection
	GlobalSection(SolutionProperties) = preSolution
		HideSolutionNode = FALSE
	EndGlobalSection
	GlobalSection(ExtensibilityGlobals) = postSolution
		SolutionGuid = {358E271C-3FC9-4C58-AAD9-E92B340255AE}
	EndGlobalSection
EndGlobal
