
Microsoft Visual Studio Solution File, Format Version 12.00
# Visual Studio Version 17
VisualStudioVersion = 17.13.35919.96 d17.13
MinimumVisualStudioVersion = 10.0.40219.1
Project("{FAE04EC0-301F-11D3-BF4B-00C04F79EFBC}") = "Assignment3-2", "Assignment3-2.csproj", "{5574A0F1-03D6-44FC-BD37-18BBB309FA5D}"
EndProject
Global
	GlobalSection(SolutionConfigurationPlatforms) = preSolution
		Debug|Any CPU = Debug|Any CPU
		Release|Any CPU = Release|Any CPU
	EndGlobalSection
	GlobalSection(ProjectConfigurationPlatforms) = postSolution
		{5574A0F1-03D6-44FC-BD37-18BBB309FA5D}.Debug|Any CPU.ActiveCfg = Debug|Any CPU
		{5574A0F1-03D6-44FC-BD37-18BBB309FA5D}.Debug|Any CPU.Build.0 = Debug|Any CPU
		{5574A0F1-03D6-44FC-BD37-18BBB309FA5D}.Release|Any CPU.ActiveCfg = Release|Any CPU
		{5574A0F1-03D6-44FC-BD37-18BBB309FA5D}.Release|Any CPU.Build.0 = Release|Any CPU
	EndGlobalSection
	GlobalSection(SolutionProperties) = preSolution
		HideSolutionNode = FALSE
	EndGlobalSection
	GlobalSection(ExtensibilityGlobals) = postSolution
		SolutionGuid = {1E72411E-827A-43BA-B75B-82D8767DF061}
	EndGlobalSection
EndGlobal
