
Microsoft Visual Studio Solution File, Format Version 12.00
# Visual Studio Version 17
VisualStudioVersion = 17.13.35919.96 d17.13
MinimumVisualStudioVersion = 10.0.40219.1
Project("{FAE04EC0-301F-11D3-BF4B-00C04F79EFBC}") = "MergeSortDemo", "MergeSortDemo.csproj", "{7F754FF1-89B3-422D-8182-30B3BE80967A}"
EndProject
Global
	GlobalSection(SolutionConfigurationPlatforms) = preSolution
		Debug|Any CPU = Debug|Any CPU
		Release|Any CPU = Release|Any CPU
	EndGlobalSection
	GlobalSection(ProjectConfigurationPlatforms) = postSolution
		{7F754FF1-89B3-422D-8182-30B3BE80967A}.Debug|Any CPU.ActiveCfg = Debug|Any CPU
		{7F754FF1-89B3-422D-8182-30B3BE80967A}.Debug|Any CPU.Build.0 = Debug|Any CPU
		{7F754FF1-89B3-422D-8182-30B3BE80967A}.Release|Any CPU.ActiveCfg = Release|Any CPU
		{7F754FF1-89B3-422D-8182-30B3BE80967A}.Release|Any CPU.Build.0 = Release|Any CPU
	EndGlobalSection
	GlobalSection(SolutionProperties) = preSolution
		HideSolutionNode = FALSE
	EndGlobalSection
	GlobalSection(ExtensibilityGlobals) = postSolution
		SolutionGuid = {316407D4-8776-4B38-9045-560B5590E625}
	EndGlobalSection
EndGlobal
