
Microsoft Visual Studio Solution File, Format Version 12.00
# Visual Studio Version 17
VisualStudioVersion = 17.14.36221.1 d17.14
MinimumVisualStudioVersion = 10.0.40219.1
Project("{FAE04EC0-301F-11D3-BF4B-00C04F79EFBC}") = "11.1", "11.1.csproj", "{C388398D-4BCD-4BCC-9726-9F68919F9281}"
EndProject
Global
	GlobalSection(SolutionConfigurationPlatforms) = preSolution
		Debug|Any CPU = Debug|Any CPU
		Release|Any CPU = Release|Any CPU
	EndGlobalSection
	GlobalSection(ProjectConfigurationPlatforms) = postSolution
		{C388398D-4BCD-4BCC-9726-9F68919F9281}.Debug|Any CPU.ActiveCfg = Debug|Any CPU
		{C388398D-4BCD-4BCC-9726-9F68919F9281}.Debug|Any CPU.Build.0 = Debug|Any CPU
		{C388398D-4BCD-4BCC-9726-9F68919F9281}.Release|Any CPU.ActiveCfg = Release|Any CPU
		{C388398D-4BCD-4BCC-9726-9F68919F9281}.Release|Any CPU.Build.0 = Release|Any CPU
	EndGlobalSection
	GlobalSection(SolutionProperties) = preSolution
		HideSolutionNode = FALSE
	EndGlobalSection
	GlobalSection(ExtensibilityGlobals) = postSolution
		SolutionGuid = {A643AFA3-171C-4195-9511-CCC212C986CC}
	EndGlobalSection
EndGlobal
