
Microsoft Visual Studio Solution File, Format Version 12.00
# Visual Studio Version 17
VisualStudioVersion = 17.13.35919.96 d17.13
MinimumVisualStudioVersion = 10.0.40219.1
Project("{FAE04EC0-301F-11D3-BF4B-00C04F79EFBC}") = "Assignment4-3", "Assignment4-3.csproj", "{9AAACAA4-9528-40A8-8B85-BBB6E3E8A425}"
EndProject
Global
	GlobalSection(SolutionConfigurationPlatforms) = preSolution
		Debug|Any CPU = Debug|Any CPU
		Release|Any CPU = Release|Any CPU
	EndGlobalSection
	GlobalSection(ProjectConfigurationPlatforms) = postSolution
		{9AAACAA4-9528-40A8-8B85-BBB6E3E8A425}.Debug|Any CPU.ActiveCfg = Debug|Any CPU
		{9AAACAA4-9528-40A8-8B85-BBB6E3E8A425}.Debug|Any CPU.Build.0 = Debug|Any CPU
		{9AAACAA4-9528-40A8-8B85-BBB6E3E8A425}.Release|Any CPU.ActiveCfg = Release|Any CPU
		{9AAACAA4-9528-40A8-8B85-BBB6E3E8A425}.Release|Any CPU.Build.0 = Release|Any CPU
	EndGlobalSection
	GlobalSection(SolutionProperties) = preSolution
		HideSolutionNode = FALSE
	EndGlobalSection
	GlobalSection(ExtensibilityGlobals) = postSolution
		SolutionGuid = {6D20A7A8-4C44-4DE4-A2F8-BA350E9F7678}
	EndGlobalSection
EndGlobal
