
Microsoft Visual Studio Solution File, Format Version 12.00
# Visual Studio Version 17
VisualStudioVersion = 17.13.35919.96 d17.13
MinimumVisualStudioVersion = 10.0.40219.1
Project("{FAE04EC0-301F-11D3-BF4B-00C04F79EFBC}") = "BinarySearchTreeDemo", "BinarySearchTreeDemo.csproj", "{64E8280A-C3C2-4B67-8EB7-E8321DC06AFF}"
EndProject
Global
	GlobalSection(SolutionConfigurationPlatforms) = preSolution
		Debug|Any CPU = Debug|Any CPU
		Release|Any CPU = Release|Any CPU
	EndGlobalSection
	GlobalSection(ProjectConfigurationPlatforms) = postSolution
		{64E8280A-C3C2-4B67-8EB7-E8321DC06AFF}.Debug|Any CPU.ActiveCfg = Debug|Any CPU
		{64E8280A-C3C2-4B67-8EB7-E8321DC06AFF}.Debug|Any CPU.Build.0 = Debug|Any CPU
		{64E8280A-C3C2-4B67-8EB7-E8321DC06AFF}.Release|Any CPU.ActiveCfg = Release|Any CPU
		{64E8280A-C3C2-4B67-8EB7-E8321DC06AFF}.Release|Any CPU.Build.0 = Release|Any CPU
	EndGlobalSection
	GlobalSection(SolutionProperties) = preSolution
		HideSolutionNode = FALSE
	EndGlobalSection
	GlobalSection(ExtensibilityGlobals) = postSolution
		SolutionGuid = {45AE0C4D-BF02-4456-85FE-FF8C650FE105}
	EndGlobalSection
EndGlobal
